// !$*UTF8*$!
{
	archiveVersion = 1;
	classes = {
	};
	objectVersion = 55;
	objects = {

/* Begin PBXBuildFile section */
		106C1F1450F77640481D2894 /* Pods_SharedAux.framework in Frameworks */ = {isa = PBXBuildFile; fileRef = 34D2C303754B2D4E67819CD2 /* Pods_SharedAux.framework */; };
		D652D512285E707200B139C2 /* CreateQueueView.swift in Sources */ = {isa = PBXBuildFile; fileRef = D652D511285E707200B139C2 /* CreateQueueView.swift */; };
		D659F4632874A93500D87322 /* Queue.swift in Sources */ = {isa = PBXBuildFile; fileRef = D659F4622874A93500D87322 /* Queue.swift */; };
		D68879BA28666639005063F1 /* PlaybackBarView.swift in Sources */ = {isa = PBXBuildFile; fileRef = D68879B928666639005063F1 /* PlaybackBarView.swift */; };
		D68879BE286761D0005063F1 /* PlaybackFullScreenView.swift in Sources */ = {isa = PBXBuildFile; fileRef = D68879BD286761D0005063F1 /* PlaybackFullScreenView.swift */; };
		D68C886B288C762F0014CADA /* ApplicationState.swift in Sources */ = {isa = PBXBuildFile; fileRef = D68C886A288C762F0014CADA /* ApplicationState.swift */; };
		D68C886F288C7ACC0014CADA /* ViewModel.AppleMusic.swift in Sources */ = {isa = PBXBuildFile; fileRef = D68C886E288C7ACC0014CADA /* ViewModel.AppleMusic.swift */; };
		D68C8871288C7AF10014CADA /* ViewModel.Firebase.swift in Sources */ = {isa = PBXBuildFile; fileRef = D68C8870288C7AF10014CADA /* ViewModel.Firebase.swift */; };
		D68C8873288C7B7D0014CADA /* ViewModel.Queue.swift in Sources */ = {isa = PBXBuildFile; fileRef = D68C8872288C7B7D0014CADA /* ViewModel.Queue.swift */; };
		D68C8875288C8F900014CADA /* SongAddition.swift in Sources */ = {isa = PBXBuildFile; fileRef = D68C8874288C8F900014CADA /* SongAddition.swift */; };
		D68C8877288C91A20014CADA /* ScreenState.swift in Sources */ = {isa = PBXBuildFile; fileRef = D68C8876288C91A20014CADA /* ScreenState.swift */; };
		D68C8879288D03620014CADA /* SharedViews.swift in Sources */ = {isa = PBXBuildFile; fileRef = D68C8878288D03620014CADA /* SharedViews.swift */; };
		D69426B228565C8700D91973 /* SharedAuxApp.swift in Sources */ = {isa = PBXBuildFile; fileRef = D69426B128565C8700D91973 /* SharedAuxApp.swift */; };
		D69426B428565C8700D91973 /* ContentView.swift in Sources */ = {isa = PBXBuildFile; fileRef = D69426B328565C8700D91973 /* ContentView.swift */; };
		D69426B628565C8A00D91973 /* Assets.xcassets in Resources */ = {isa = PBXBuildFile; fileRef = D69426B528565C8A00D91973 /* Assets.xcassets */; };
		D694B6FE287006EA00B9B414 /* GoogleService-Info.plist in Resources */ = {isa = PBXBuildFile; fileRef = D694B6FD287006E900B9B414 /* GoogleService-Info.plist */; };
		D694B7002872100300B9B414 /* HomeView.swift in Sources */ = {isa = PBXBuildFile; fileRef = D694B6FF2872100300B9B414 /* HomeView.swift */; };
		D697978E2884ECEA00F5935A /* LoadingApplicationView.swift in Sources */ = {isa = PBXBuildFile; fileRef = D697978D2884ECEA00F5935A /* LoadingApplicationView.swift */; };
		D69AD242287FDCEE00DAE6E9 /* ArtistTopSongsView.swift in Sources */ = {isa = PBXBuildFile; fileRef = D69AD241287FDCEE00DAE6E9 /* ArtistTopSongsView.swift */; };
		D6CEC1FF287231A6002E97FC /* JoinQueueView.swift in Sources */ = {isa = PBXBuildFile; fileRef = D6CEC1FE287231A6002E97FC /* JoinQueueView.swift */; };
		D6CEC201287283D3002E97FC /* QueueControlView.swift in Sources */ = {isa = PBXBuildFile; fileRef = D6CEC200287283D3002E97FC /* QueueControlView.swift */; };
		D6EC24DE285FBC55004A3A2F /* SearchView.swift in Sources */ = {isa = PBXBuildFile; fileRef = D6EC24DD285FBC55004A3A2F /* SearchView.swift */; };
		D6EC24E028602B47004A3A2F /* WelcomeView.swift in Sources */ = {isa = PBXBuildFile; fileRef = D6EC24DF28602B47004A3A2F /* WelcomeView.swift */; };
		D6F76D2E287D253700FE0972 /* SearchResults.swift in Sources */ = {isa = PBXBuildFile; fileRef = D6F76D2D287D253700FE0972 /* SearchResults.swift */; };
		D6F76D30287E5FDA00FE0972 /* ArtistView.swift in Sources */ = {isa = PBXBuildFile; fileRef = D6F76D2F287E5FDA00FE0972 /* ArtistView.swift */; };
		D6F76D32287E5FED00FE0972 /* AlbumView.swift in Sources */ = {isa = PBXBuildFile; fileRef = D6F76D31287E5FED00FE0972 /* AlbumView.swift */; };
		D6F8CB7F285C06D500C2AD23 /* ViewModel.swift in Sources */ = {isa = PBXBuildFile; fileRef = D6F8CB7E285C06D500C2AD23 /* ViewModel.swift */; };
/* End PBXBuildFile section */

/* Begin PBXFileReference section */
		07189CC31FB131F8FE4D7CEF /* Pods-SharedAux.debug.xcconfig */ = {isa = PBXFileReference; includeInIndex = 1; lastKnownFileType = text.xcconfig; name = "Pods-SharedAux.debug.xcconfig"; path = "Target Support Files/Pods-SharedAux/Pods-SharedAux.debug.xcconfig"; sourceTree = "<group>"; };
		34D2C303754B2D4E67819CD2 /* Pods_SharedAux.framework */ = {isa = PBXFileReference; explicitFileType = wrapper.framework; includeInIndex = 0; path = Pods_SharedAux.framework; sourceTree = BUILT_PRODUCTS_DIR; };
		7699DCF139039B6483375A62 /* Pods-SharedAux.release.xcconfig */ = {isa = PBXFileReference; includeInIndex = 1; lastKnownFileType = text.xcconfig; name = "Pods-SharedAux.release.xcconfig"; path = "Target Support Files/Pods-SharedAux/Pods-SharedAux.release.xcconfig"; sourceTree = "<group>"; };
		D652D511285E707200B139C2 /* CreateQueueView.swift */ = {isa = PBXFileReference; lastKnownFileType = sourcecode.swift; path = CreateQueueView.swift; sourceTree = "<group>"; };
		D659F4622874A93500D87322 /* Queue.swift */ = {isa = PBXFileReference; lastKnownFileType = sourcecode.swift; path = Queue.swift; sourceTree = "<group>"; };
		D68879B928666639005063F1 /* PlaybackBarView.swift */ = {isa = PBXFileReference; lastKnownFileType = sourcecode.swift; path = PlaybackBarView.swift; sourceTree = "<group>"; };
		D68879BD286761D0005063F1 /* PlaybackFullScreenView.swift */ = {isa = PBXFileReference; lastKnownFileType = sourcecode.swift; path = PlaybackFullScreenView.swift; sourceTree = "<group>"; };
		D68C886A288C762F0014CADA /* ApplicationState.swift */ = {isa = PBXFileReference; lastKnownFileType = sourcecode.swift; path = ApplicationState.swift; sourceTree = "<group>"; };
		D68C886E288C7ACC0014CADA /* ViewModel.AppleMusic.swift */ = {isa = PBXFileReference; lastKnownFileType = sourcecode.swift; path = ViewModel.AppleMusic.swift; sourceTree = "<group>"; };
		D68C8870288C7AF10014CADA /* ViewModel.Firebase.swift */ = {isa = PBXFileReference; lastKnownFileType = sourcecode.swift; path = ViewModel.Firebase.swift; sourceTree = "<group>"; };
		D68C8872288C7B7D0014CADA /* ViewModel.Queue.swift */ = {isa = PBXFileReference; lastKnownFileType = sourcecode.swift; path = ViewModel.Queue.swift; sourceTree = "<group>"; };
		D68C8874288C8F900014CADA /* SongAddition.swift */ = {isa = PBXFileReference; lastKnownFileType = sourcecode.swift; path = SongAddition.swift; sourceTree = "<group>"; };
		D68C8876288C91A20014CADA /* ScreenState.swift */ = {isa = PBXFileReference; lastKnownFileType = sourcecode.swift; path = ScreenState.swift; sourceTree = "<group>"; };
		D68C8878288D03620014CADA /* SharedViews.swift */ = {isa = PBXFileReference; lastKnownFileType = sourcecode.swift; path = SharedViews.swift; sourceTree = "<group>"; };
		D68C887D288E50600014CADA /* Info.plist */ = {isa = PBXFileReference; lastKnownFileType = text.plist.xml; path = Info.plist; sourceTree = "<group>"; };
		D69426AE28565C8700D91973 /* SharedAux.app */ = {isa = PBXFileReference; explicitFileType = wrapper.application; includeInIndex = 0; path = SharedAux.app; sourceTree = BUILT_PRODUCTS_DIR; };
		D69426B128565C8700D91973 /* SharedAuxApp.swift */ = {isa = PBXFileReference; lastKnownFileType = sourcecode.swift; path = SharedAuxApp.swift; sourceTree = "<group>"; };
		D69426B328565C8700D91973 /* ContentView.swift */ = {isa = PBXFileReference; lastKnownFileType = sourcecode.swift; path = ContentView.swift; sourceTree = "<group>"; };
		D69426B528565C8A00D91973 /* Assets.xcassets */ = {isa = PBXFileReference; lastKnownFileType = folder.assetcatalog; path = Assets.xcassets; sourceTree = "<group>"; };
		D69426CB28567E2B00D91973 /* SharedAux-Bridging-Header.h */ = {isa = PBXFileReference; lastKnownFileType = sourcecode.c.h; path = "SharedAux-Bridging-Header.h"; sourceTree = "<group>"; };
		D694B6FD287006E900B9B414 /* GoogleService-Info.plist */ = {isa = PBXFileReference; fileEncoding = 4; lastKnownFileType = text.plist.xml; path = "GoogleService-Info.plist"; sourceTree = "<group>"; };
		D694B6FF2872100300B9B414 /* HomeView.swift */ = {isa = PBXFileReference; lastKnownFileType = sourcecode.swift; path = HomeView.swift; sourceTree = "<group>"; };
		D697978D2884ECEA00F5935A /* LoadingApplicationView.swift */ = {isa = PBXFileReference; lastKnownFileType = sourcecode.swift; path = LoadingApplicationView.swift; sourceTree = "<group>"; };
		D69AD241287FDCEE00DAE6E9 /* ArtistTopSongsView.swift */ = {isa = PBXFileReference; lastKnownFileType = sourcecode.swift; path = ArtistTopSongsView.swift; sourceTree = "<group>"; };
		D6CEC1FE287231A6002E97FC /* JoinQueueView.swift */ = {isa = PBXFileReference; lastKnownFileType = sourcecode.swift; path = JoinQueueView.swift; sourceTree = "<group>"; };
		D6CEC200287283D3002E97FC /* QueueControlView.swift */ = {isa = PBXFileReference; lastKnownFileType = sourcecode.swift; path = QueueControlView.swift; sourceTree = "<group>"; };
		D6EC24DD285FBC55004A3A2F /* SearchView.swift */ = {isa = PBXFileReference; lastKnownFileType = sourcecode.swift; path = SearchView.swift; sourceTree = "<group>"; };
		D6EC24DF28602B47004A3A2F /* WelcomeView.swift */ = {isa = PBXFileReference; lastKnownFileType = sourcecode.swift; path = WelcomeView.swift; sourceTree = "<group>"; };
		D6F76D2D287D253700FE0972 /* SearchResults.swift */ = {isa = PBXFileReference; lastKnownFileType = sourcecode.swift; path = SearchResults.swift; sourceTree = "<group>"; };
		D6F76D2F287E5FDA00FE0972 /* ArtistView.swift */ = {isa = PBXFileReference; lastKnownFileType = sourcecode.swift; path = ArtistView.swift; sourceTree = "<group>"; };
		D6F76D31287E5FED00FE0972 /* AlbumView.swift */ = {isa = PBXFileReference; lastKnownFileType = sourcecode.swift; path = AlbumView.swift; sourceTree = "<group>"; };
		D6F8CB7E285C06D500C2AD23 /* ViewModel.swift */ = {isa = PBXFileReference; lastKnownFileType = sourcecode.swift; path = ViewModel.swift; sourceTree = "<group>"; };
/* End PBXFileReference section */

/* Begin PBXFrameworksBuildPhase section */
		D69426AB28565C8700D91973 /* Frameworks */ = {
			isa = PBXFrameworksBuildPhase;
			buildActionMask = 2147483647;
			files = (
				106C1F1450F77640481D2894 /* Pods_SharedAux.framework in Frameworks */,
			);
			runOnlyForDeploymentPostprocessing = 0;
		};
/* End PBXFrameworksBuildPhase section */

/* Begin PBXGroup section */
		0234B3BA2E0AE39362D5A24A /* Frameworks */ = {
			isa = PBXGroup;
			children = (
				34D2C303754B2D4E67819CD2 /* Pods_SharedAux.framework */,
			);
			name = Frameworks;
			sourceTree = "<group>";
		};
		2E2FCD834B6448C26F89689E /* Pods */ = {
			isa = PBXGroup;
			children = (
				07189CC31FB131F8FE4D7CEF /* Pods-SharedAux.debug.xcconfig */,
				7699DCF139039B6483375A62 /* Pods-SharedAux.release.xcconfig */,
			);
			path = Pods;
			sourceTree = "<group>";
		};
		D6801F072863BB3800C4F21B /* Models */ = {
			isa = PBXGroup;
			children = (
				D659F4622874A93500D87322 /* Queue.swift */,
				D6F76D2D287D253700FE0972 /* SearchResults.swift */,
				D68C886A288C762F0014CADA /* ApplicationState.swift */,
				D68C8874288C8F900014CADA /* SongAddition.swift */,
				D68C8876288C91A20014CADA /* ScreenState.swift */,
			);
			path = Models;
			sourceTree = "<group>";
		};
		D6801F082863BB3E00C4F21B /* Views */ = {
			isa = PBXGroup;
			children = (
				D6EC24DD285FBC55004A3A2F /* SearchView.swift */,
				D6F76D2F287E5FDA00FE0972 /* ArtistView.swift */,
				D69AD241287FDCEE00DAE6E9 /* ArtistTopSongsView.swift */,
				D6F76D31287E5FED00FE0972 /* AlbumView.swift */,
				D6CEC200287283D3002E97FC /* QueueControlView.swift */,
				D68879B928666639005063F1 /* PlaybackBarView.swift */,
				D68879BD286761D0005063F1 /* PlaybackFullScreenView.swift */,
				D652D511285E707200B139C2 /* CreateQueueView.swift */,
				D6CEC1FE287231A6002E97FC /* JoinQueueView.swift */,
				D694B6FF2872100300B9B414 /* HomeView.swift */,
				D69426B328565C8700D91973 /* ContentView.swift */,
				D6EC24DF28602B47004A3A2F /* WelcomeView.swift */,
				D697978D2884ECEA00F5935A /* LoadingApplicationView.swift */,
				D68C8878288D03620014CADA /* SharedViews.swift */,
			);
			path = Views;
			sourceTree = "<group>";
		};
		D6801F092863BB5700C4F21B /* ViewModels */ = {
			isa = PBXGroup;
			children = (
				D6F8CB7E285C06D500C2AD23 /* ViewModel.swift */,
				D68C886E288C7ACC0014CADA /* ViewModel.AppleMusic.swift */,
				D68C8870288C7AF10014CADA /* ViewModel.Firebase.swift */,
				D68C8872288C7B7D0014CADA /* ViewModel.Queue.swift */,
			);
			path = ViewModels;
			sourceTree = "<group>";
		};
		D69426A528565C8700D91973 = {
			isa = PBXGroup;
			children = (
				D69426B028565C8700D91973 /* SharedAux */,
				D69426AF28565C8700D91973 /* Products */,
				2E2FCD834B6448C26F89689E /* Pods */,
				0234B3BA2E0AE39362D5A24A /* Frameworks */,
			);
			sourceTree = "<group>";
		};
		D69426AF28565C8700D91973 /* Products */ = {
			isa = PBXGroup;
			children = (
				D69426AE28565C8700D91973 /* SharedAux.app */,
			);
			name = Products;
			sourceTree = "<group>";
		};
		D69426B028565C8700D91973 /* SharedAux */ = {
			isa = PBXGroup;
			children = (
				D694B6FD287006E900B9B414 /* GoogleService-Info.plist */,
				D6801F092863BB5700C4F21B /* ViewModels */,
				D6801F082863BB3E00C4F21B /* Views */,
				D6801F072863BB3800C4F21B /* Models */,
				D69426B128565C8700D91973 /* SharedAuxApp.swift */,
				D69426B528565C8A00D91973 /* Assets.xcassets */,
				D69426CB28567E2B00D91973 /* SharedAux-Bridging-Header.h */,
				D68C887D288E50600014CADA /* Info.plist */,
			);
			path = SharedAux;
			sourceTree = "<group>";
		};
/* End PBXGroup section */

/* Begin PBXNativeTarget section */
		D69426AD28565C8700D91973 /* SharedAux */ = {
			isa = PBXNativeTarget;
			buildConfigurationList = D69426BC28565C8A00D91973 /* Build configuration list for PBXNativeTarget "SharedAux" */;
			buildPhases = (
				C3663878D1B6569380F146D4 /* [CP] Check Pods Manifest.lock */,
				D69426AA28565C8700D91973 /* Sources */,
				D69426AB28565C8700D91973 /* Frameworks */,
				D69426AC28565C8700D91973 /* Resources */,
				B58680A39EA13A426BC34CC7 /* [CP] Embed Pods Frameworks */,
			);
			buildRules = (
			);
			dependencies = (
			);
			name = SharedAux;
			productName = SharedAux;
			productReference = D69426AE28565C8700D91973 /* SharedAux.app */;
			productType = "com.apple.product-type.application";
		};
/* End PBXNativeTarget section */

/* Begin PBXProject section */
		D69426A628565C8700D91973 /* Project object */ = {
			isa = PBXProject;
			attributes = {
				BuildIndependentTargetsInParallel = 1;
				LastSwiftUpdateCheck = 1310;
				LastUpgradeCheck = 1310;
				TargetAttributes = {
					D69426AD28565C8700D91973 = {
						CreatedOnToolsVersion = 13.1;
					};
				};
			};
			buildConfigurationList = D69426A928565C8700D91973 /* Build configuration list for PBXProject "SharedAux" */;
			compatibilityVersion = "Xcode 13.0";
			developmentRegion = en;
			hasScannedForEncodings = 0;
			knownRegions = (
				en,
				Base,
			);
			mainGroup = D69426A528565C8700D91973;
			productRefGroup = D69426AF28565C8700D91973 /* Products */;
			projectDirPath = "";
			projectRoot = "";
			targets = (
				D69426AD28565C8700D91973 /* SharedAux */,
			);
		};
/* End PBXProject section */

/* Begin PBXResourcesBuildPhase section */
		D69426AC28565C8700D91973 /* Resources */ = {
			isa = PBXResourcesBuildPhase;
			buildActionMask = 2147483647;
			files = (
				D69426B628565C8A00D91973 /* Assets.xcassets in Resources */,
				D694B6FE287006EA00B9B414 /* GoogleService-Info.plist in Resources */,
			);
			runOnlyForDeploymentPostprocessing = 0;
		};
/* End PBXResourcesBuildPhase section */

/* Begin PBXShellScriptBuildPhase section */
		B58680A39EA13A426BC34CC7 /* [CP] Embed Pods Frameworks */ = {
			isa = PBXShellScriptBuildPhase;
			buildActionMask = 2147483647;
			files = (
			);
			inputFileListPaths = (
				"${PODS_ROOT}/Target Support Files/Pods-SharedAux/Pods-SharedAux-frameworks-${CONFIGURATION}-input-files.xcfilelist",
			);
			name = "[CP] Embed Pods Frameworks";
			outputFileListPaths = (
				"${PODS_ROOT}/Target Support Files/Pods-SharedAux/Pods-SharedAux-frameworks-${CONFIGURATION}-output-files.xcfilelist",
			);
			runOnlyForDeploymentPostprocessing = 0;
			shellPath = /bin/sh;
			shellScript = "\"${PODS_ROOT}/Target Support Files/Pods-SharedAux/Pods-SharedAux-frameworks.sh\"\n";
			showEnvVarsInLog = 0;
		};
		C3663878D1B6569380F146D4 /* [CP] Check Pods Manifest.lock */ = {
			isa = PBXShellScriptBuildPhase;
			buildActionMask = 2147483647;
			files = (
			);
			inputFileListPaths = (
			);
			inputPaths = (
				"${PODS_PODFILE_DIR_PATH}/Podfile.lock",
				"${PODS_ROOT}/Manifest.lock",
			);
			name = "[CP] Check Pods Manifest.lock";
			outputFileListPaths = (
			);
			outputPaths = (
				"$(DERIVED_FILE_DIR)/Pods-SharedAux-checkManifestLockResult.txt",
			);
			runOnlyForDeploymentPostprocessing = 0;
			shellPath = /bin/sh;
			shellScript = "diff \"${PODS_PODFILE_DIR_PATH}/Podfile.lock\" \"${PODS_ROOT}/Manifest.lock\" > /dev/null\nif [ $? != 0 ] ; then\n    # print error to STDERR\n    echo \"error: The sandbox is not in sync with the Podfile.lock. Run 'pod install' or update your CocoaPods installation.\" >&2\n    exit 1\nfi\n# This output is used by Xcode 'outputs' to avoid re-running this script phase.\necho \"SUCCESS\" > \"${SCRIPT_OUTPUT_FILE_0}\"\n";
			showEnvVarsInLog = 0;
		};
/* End PBXShellScriptBuildPhase section */

/* Begin PBXSourcesBuildPhase section */
		D69426AA28565C8700D91973 /* Sources */ = {
			isa = PBXSourcesBuildPhase;
			buildActionMask = 2147483647;
			files = (
				D694B7002872100300B9B414 /* HomeView.swift in Sources */,
				D68C886B288C762F0014CADA /* ApplicationState.swift in Sources */,
				D652D512285E707200B139C2 /* CreateQueueView.swift in Sources */,
				D69AD242287FDCEE00DAE6E9 /* ArtistTopSongsView.swift in Sources */,
				D6EC24E028602B47004A3A2F /* WelcomeView.swift in Sources */,
				D6F76D32287E5FED00FE0972 /* AlbumView.swift in Sources */,
				D69426B428565C8700D91973 /* ContentView.swift in Sources */,
				D6CEC1FF287231A6002E97FC /* JoinQueueView.swift in Sources */,
				D68C8873288C7B7D0014CADA /* ViewModel.Queue.swift in Sources */,
				D697978E2884ECEA00F5935A /* LoadingApplicationView.swift in Sources */,
				D6F76D2E287D253700FE0972 /* SearchResults.swift in Sources */,
				D6F8CB7F285C06D500C2AD23 /* ViewModel.swift in Sources */,
				D68C8877288C91A20014CADA /* ScreenState.swift in Sources */,
				D6CEC201287283D3002E97FC /* QueueControlView.swift in Sources */,
				D68C8875288C8F900014CADA /* SongAddition.swift in Sources */,
				D659F4632874A93500D87322 /* Queue.swift in Sources */,
				D6F76D30287E5FDA00FE0972 /* ArtistView.swift in Sources */,
				D68879BE286761D0005063F1 /* PlaybackFullScreenView.swift in Sources */,
				D68C886F288C7ACC0014CADA /* ViewModel.AppleMusic.swift in Sources */,
				D68C8871288C7AF10014CADA /* ViewModel.Firebase.swift in Sources */,
				D6EC24DE285FBC55004A3A2F /* SearchView.swift in Sources */,
				D69426B228565C8700D91973 /* SharedAuxApp.swift in Sources */,
				D68879BA28666639005063F1 /* PlaybackBarView.swift in Sources */,
				D68C8879288D03620014CADA /* SharedViews.swift in Sources */,
			);
			runOnlyForDeploymentPostprocessing = 0;
		};
/* End PBXSourcesBuildPhase section */

/* Begin XCBuildConfiguration section */
		D69426BA28565C8A00D91973 /* Debug */ = {
			isa = XCBuildConfiguration;
			buildSettings = {
				ALWAYS_SEARCH_USER_PATHS = NO;
				CLANG_ANALYZER_NONNULL = YES;
				CLANG_ANALYZER_NUMBER_OBJECT_CONVERSION = YES_AGGRESSIVE;
				CLANG_CXX_LANGUAGE_STANDARD = "gnu++17";
				CLANG_CXX_LIBRARY = "libc++";
				CLANG_ENABLE_MODULES = YES;
				CLANG_ENABLE_OBJC_ARC = YES;
				CLANG_ENABLE_OBJC_WEAK = YES;
				CLANG_WARN_BLOCK_CAPTURE_AUTORELEASING = YES;
				CLANG_WARN_BOOL_CONVERSION = YES;
				CLANG_WARN_COMMA = YES;
				CLANG_WARN_CONSTANT_CONVERSION = YES;
				CLANG_WARN_DEPRECATED_OBJC_IMPLEMENTATIONS = YES;
				CLANG_WARN_DIRECT_OBJC_ISA_USAGE = YES_ERROR;
				CLANG_WARN_DOCUMENTATION_COMMENTS = YES;
				CLANG_WARN_EMPTY_BODY = YES;
				CLANG_WARN_ENUM_CONVERSION = YES;
				CLANG_WARN_INFINITE_RECURSION = YES;
				CLANG_WARN_INT_CONVERSION = YES;
				CLANG_WARN_NON_LITERAL_NULL_CONVERSION = YES;
				CLANG_WARN_OBJC_IMPLICIT_RETAIN_SELF = YES;
				CLANG_WARN_OBJC_LITERAL_CONVERSION = YES;
				CLANG_WARN_OBJC_ROOT_CLASS = YES_ERROR;
				CLANG_WARN_QUOTED_INCLUDE_IN_FRAMEWORK_HEADER = YES;
				CLANG_WARN_RANGE_LOOP_ANALYSIS = YES;
				CLANG_WARN_STRICT_PROTOTYPES = YES;
				CLANG_WARN_SUSPICIOUS_MOVE = YES;
				CLANG_WARN_UNGUARDED_AVAILABILITY = YES_AGGRESSIVE;
				CLANG_WARN_UNREACHABLE_CODE = YES;
				CLANG_WARN__DUPLICATE_METHOD_MATCH = YES;
				COPY_PHASE_STRIP = NO;
				DEBUG_INFORMATION_FORMAT = dwarf;
				ENABLE_STRICT_OBJC_MSGSEND = YES;
				ENABLE_TESTABILITY = YES;
				FRAMEWORK_SEARCH_PATHS = "$(SRCROOT)/SharedAux/Frameworks";
				GCC_C_LANGUAGE_STANDARD = gnu11;
				GCC_DYNAMIC_NO_PIC = NO;
				GCC_NO_COMMON_BLOCKS = YES;
				GCC_OPTIMIZATION_LEVEL = 0;
				GCC_PREPROCESSOR_DEFINITIONS = (
					"DEBUG=1",
					"$(inherited)",
				);
				GCC_WARN_64_TO_32_BIT_CONVERSION = YES;
				GCC_WARN_ABOUT_RETURN_TYPE = YES_ERROR;
				GCC_WARN_UNDECLARED_SELECTOR = YES;
				GCC_WARN_UNINITIALIZED_AUTOS = YES_AGGRESSIVE;
				GCC_WARN_UNUSED_FUNCTION = YES;
				GCC_WARN_UNUSED_VARIABLE = YES;
				IPHONEOS_DEPLOYMENT_TARGET = 15.0;
				MTL_ENABLE_DEBUG_INFO = INCLUDE_SOURCE;
				MTL_FAST_MATH = YES;
				ONLY_ACTIVE_ARCH = YES;
				SDKROOT = iphoneos;
				SWIFT_ACTIVE_COMPILATION_CONDITIONS = DEBUG;
				SWIFT_OPTIMIZATION_LEVEL = "-Onone";
			};
			name = Debug;
		};
		D69426BB28565C8A00D91973 /* Release */ = {
			isa = XCBuildConfiguration;
			buildSettings = {
				ALWAYS_SEARCH_USER_PATHS = NO;
				CLANG_ANALYZER_NONNULL = YES;
				CLANG_ANALYZER_NUMBER_OBJECT_CONVERSION = YES_AGGRESSIVE;
				CLANG_CXX_LANGUAGE_STANDARD = "gnu++17";
				CLANG_CXX_LIBRARY = "libc++";
				CLANG_ENABLE_MODULES = YES;
				CLANG_ENABLE_OBJC_ARC = YES;
				CLANG_ENABLE_OBJC_WEAK = YES;
				CLANG_WARN_BLOCK_CAPTURE_AUTORELEASING = YES;
				CLANG_WARN_BOOL_CONVERSION = YES;
				CLANG_WARN_COMMA = YES;
				CLANG_WARN_CONSTANT_CONVERSION = YES;
				CLANG_WARN_DEPRECATED_OBJC_IMPLEMENTATIONS = YES;
				CLANG_WARN_DIRECT_OBJC_ISA_USAGE = YES_ERROR;
				CLANG_WARN_DOCUMENTATION_COMMENTS = YES;
				CLANG_WARN_EMPTY_BODY = YES;
				CLANG_WARN_ENUM_CONVERSION = YES;
				CLANG_WARN_INFINITE_RECURSION = YES;
				CLANG_WARN_INT_CONVERSION = YES;
				CLANG_WARN_NON_LITERAL_NULL_CONVERSION = YES;
				CLANG_WARN_OBJC_IMPLICIT_RETAIN_SELF = YES;
				CLANG_WARN_OBJC_LITERAL_CONVERSION = YES;
				CLANG_WARN_OBJC_ROOT_CLASS = YES_ERROR;
				CLANG_WARN_QUOTED_INCLUDE_IN_FRAMEWORK_HEADER = YES;
				CLANG_WARN_RANGE_LOOP_ANALYSIS = YES;
				CLANG_WARN_STRICT_PROTOTYPES = YES;
				CLANG_WARN_SUSPICIOUS_MOVE = YES;
				CLANG_WARN_UNGUARDED_AVAILABILITY = YES_AGGRESSIVE;
				CLANG_WARN_UNREACHABLE_CODE = YES;
				CLANG_WARN__DUPLICATE_METHOD_MATCH = YES;
				COPY_PHASE_STRIP = NO;
				DEBUG_INFORMATION_FORMAT = "dwarf-with-dsym";
				ENABLE_NS_ASSERTIONS = NO;
				ENABLE_STRICT_OBJC_MSGSEND = YES;
				FRAMEWORK_SEARCH_PATHS = "$(SRCROOT)/SharedAux/Frameworks";
				GCC_C_LANGUAGE_STANDARD = gnu11;
				GCC_NO_COMMON_BLOCKS = YES;
				GCC_WARN_64_TO_32_BIT_CONVERSION = YES;
				GCC_WARN_ABOUT_RETURN_TYPE = YES_ERROR;
				GCC_WARN_UNDECLARED_SELECTOR = YES;
				GCC_WARN_UNINITIALIZED_AUTOS = YES_AGGRESSIVE;
				GCC_WARN_UNUSED_FUNCTION = YES;
				GCC_WARN_UNUSED_VARIABLE = YES;
				IPHONEOS_DEPLOYMENT_TARGET = 15.0;
				MTL_ENABLE_DEBUG_INFO = NO;
				MTL_FAST_MATH = YES;
				SDKROOT = iphoneos;
				SWIFT_COMPILATION_MODE = wholemodule;
				SWIFT_OPTIMIZATION_LEVEL = "-O";
				VALIDATE_PRODUCT = YES;
			};
			name = Release;
		};
		D69426BD28565C8A00D91973 /* Debug */ = {
			isa = XCBuildConfiguration;
			baseConfigurationReference = 07189CC31FB131F8FE4D7CEF /* Pods-SharedAux.debug.xcconfig */;
			buildSettings = {
				ASSETCATALOG_COMPILER_APPICON_NAME = AppIcon;
				ASSETCATALOG_COMPILER_GLOBAL_ACCENT_COLOR_NAME = AccentColor;
				CODE_SIGN_STYLE = Automatic;
				CURRENT_PROJECT_VERSION = 1;
				DEVELOPMENT_ASSET_PATHS = "";
				DEVELOPMENT_TEAM = 6FPV73NHLV;
				ENABLE_PREVIEWS = YES;
				FRAMEWORK_SEARCH_PATHS = (
					"$(inherited)",
					"$(SRCROOT)/SharedAux/Frameworks",
					"$(PROJECT_DIR)/SharedAux/Frameworks",
				);
				GENERATE_INFOPLIST_FILE = YES;
				INFOPLIST_FILE = SharedAux/Info.plist;
				INFOPLIST_KEY_NSAppleMusicUsageDescription = "Queue It requires access to your music library to enable you to play music";
				INFOPLIST_KEY_UIApplicationSceneManifest_Generation = YES;
				INFOPLIST_KEY_UIApplicationSupportsIndirectInputEvents = YES;
				INFOPLIST_KEY_UILaunchScreen_Generation = YES;
				INFOPLIST_KEY_UISupportedInterfaceOrientations_iPad = "UIInterfaceOrientationPortrait UIInterfaceOrientationPortraitUpsideDown UIInterfaceOrientationLandscapeLeft UIInterfaceOrientationLandscapeRight";
				INFOPLIST_KEY_UISupportedInterfaceOrientations_iPhone = UIInterfaceOrientationPortrait;
				LD_RUNPATH_SEARCH_PATHS = (
					"$(inherited)",
					"@executable_path/Frameworks",
				);
				MARKETING_VERSION = 1.0;
				OTHER_LDFLAGS = "-ObjC";
				PRODUCT_BUNDLE_IDENTIFIER = com.neelismail.SharedAux;
				PRODUCT_NAME = "$(TARGET_NAME)";
				SWIFT_EMIT_LOC_STRINGS = YES;
				SWIFT_OBJC_BRIDGING_HEADER = "SharedAux/SharedAux-Bridging-Header.h";
				SWIFT_VERSION = 5.0;
				TARGETED_DEVICE_FAMILY = 1;
			};
			name = Debug;
		};
		D69426BE28565C8A00D91973 /* Release */ = {
			isa = XCBuildConfiguration;
			baseConfigurationReference = 7699DCF139039B6483375A62 /* Pods-SharedAux.release.xcconfig */;
			buildSettings = {
				ASSETCATALOG_COMPILER_APPICON_NAME = AppIcon;
				ASSETCATALOG_COMPILER_GLOBAL_ACCENT_COLOR_NAME = AccentColor;
				CODE_SIGN_STYLE = Automatic;
				CURRENT_PROJECT_VERSION = 1;
				DEVELOPMENT_ASSET_PATHS = "";
				DEVELOPMENT_TEAM = 6FPV73NHLV;
				ENABLE_PREVIEWS = YES;
				FRAMEWORK_SEARCH_PATHS = (
					"$(inherited)",
					"$(SRCROOT)/SharedAux/Frameworks",
					"$(PROJECT_DIR)/SharedAux/Frameworks",
				);
				GENERATE_INFOPLIST_FILE = YES;
				INFOPLIST_FILE = SharedAux/Info.plist;
				INFOPLIST_KEY_NSAppleMusicUsageDescription = "Queue It requires access to your music library to enable you to play music";
				INFOPLIST_KEY_UIApplicationSceneManifest_Generation = YES;
				INFOPLIST_KEY_UIApplicationSupportsIndirectInputEvents = YES;
				INFOPLIST_KEY_UILaunchScreen_Generation = YES;
				INFOPLIST_KEY_UISupportedInterfaceOrientations_iPad = "UIInterfaceOrientationPortrait UIInterfaceOrientationPortraitUpsideDown UIInterfaceOrientationLandscapeLeft UIInterfaceOrientationLandscapeRight";
				INFOPLIST_KEY_UISupportedInterfaceOrientations_iPhone = UIInterfaceOrientationPortrait;
				LD_RUNPATH_SEARCH_PATHS = (
					"$(inherited)",
					"@executable_path/Frameworks",
				);
				MARKETING_VERSION = 1.0;
				OTHER_LDFLAGS = "-ObjC";
				PRODUCT_BUNDLE_IDENTIFIER = com.neelismail.SharedAux;
				PRODUCT_NAME = "$(TARGET_NAME)";
				SWIFT_EMIT_LOC_STRINGS = YES;
				SWIFT_OBJC_BRIDGING_HEADER = "SharedAux/SharedAux-Bridging-Header.h";
				SWIFT_VERSION = 5.0;
				TARGETED_DEVICE_FAMILY = 1;
			};
			name = Release;
		};
/* End XCBuildConfiguration section */

/* Begin XCConfigurationList section */
		D69426A928565C8700D91973 /* Build configuration list for PBXProject "SharedAux" */ = {
			isa = XCConfigurationList;
			buildConfigurations = (
				D69426BA28565C8A00D91973 /* Debug */,
				D69426BB28565C8A00D91973 /* Release */,
			);
			defaultConfigurationIsVisible = 0;
			defaultConfigurationName = Release;
		};
		D69426BC28565C8A00D91973 /* Build configuration list for PBXNativeTarget "SharedAux" */ = {
			isa = XCConfigurationList;
			buildConfigurations = (
				D69426BD28565C8A00D91973 /* Debug */,
				D69426BE28565C8A00D91973 /* Release */,
			);
			defaultConfigurationIsVisible = 0;
			defaultConfigurationName = Release;
		};
/* End XCConfigurationList section */
	};
	rootObject = D69426A628565C8700D91973 /* Project object */;
}
